
Microsoft Visual Studio Solution File, Format Version 12.00
# Visual Studio Version 17
VisualStudioVersion = 17.11.35303.130
MinimumVisualStudioVersion = 10.0.40219.1
Project("{FAE04EC0-301F-11D3-BF4B-00C04F79EFBC}") = "LSilversMatch3", "LSilversMatch3.csproj", "{26FD2D10-C09A-4265-8FAD-5802286425DA}"
EndProject
Global
	GlobalSection(SolutionConfigurationPlatforms) = preSolution
		Debug|Any CPU = Debug|Any CPU
		Release|Any CPU = Release|Any CPU
	EndGlobalSection
	GlobalSection(ProjectConfigurationPlatforms) = postSolution
		{26FD2D10-C09A-4265-8FAD-5802286425DA}.Debug|Any CPU.ActiveCfg = Debug|Any CPU
		{26FD2D10-C09A-4265-8FAD-5802286425DA}.Debug|Any CPU.Build.0 = Debug|Any CPU
		{26FD2D10-C09A-4265-8FAD-5802286425DA}.Release|Any CPU.ActiveCfg = Release|Any CPU
		{26FD2D10-C09A-4265-8FAD-5802286425DA}.Release|Any CPU.Build.0 = Release|Any CPU
	EndGlobalSection
	GlobalSection(SolutionProperties) = preSolution
		HideSolutionNode = FALSE
	EndGlobalSection
	GlobalSection(ExtensibilityGlobals) = postSolution
		SolutionGuid = {5FFC9AB2-021B-45BF-B275-79D7B9F5A5D0}
	EndGlobalSection
EndGlobal
